
Microsoft Visual Studio Solution File, Format Version 12.00
Project("{FAE04EC0-301F-11D3-BF4B-00C04F79EFBC}") = "NetBird.ApiClient", "NetBird.ApiClient\NetBird.ApiClient.csproj", "{0339C1D2-F448-45A1-9EF2-BBD60423F9BF}"
EndProject
Global
	GlobalSection(SolutionConfigurationPlatforms) = preSolution
		Debug|Any CPU = Debug|Any CPU
		Release|Any CPU = Release|Any CPU
	EndGlobalSection
	GlobalSection(ProjectConfigurationPlatforms) = postSolution
		{0339C1D2-F448-45A1-9EF2-BBD60423F9BF}.Debug|Any CPU.ActiveCfg = Debug|Any CPU
		{0339C1D2-F448-45A1-9EF2-BBD60423F9BF}.Debug|Any CPU.Build.0 = Debug|Any CPU
		{0339C1D2-F448-45A1-9EF2-BBD60423F9BF}.Release|Any CPU.ActiveCfg = Release|Any CPU
		{0339C1D2-F448-45A1-9EF2-BBD60423F9BF}.Release|Any CPU.Build.0 = Release|Any CPU
	EndGlobalSection
EndGlobal
